
Microsoft Visual Studio Solution File, Format Version 12.00
# Visual Studio 15
VisualStudioVersion = 15.0.28307.271
MinimumVisualStudioVersion = 10.0.40219.1
Project("{FAE04EC0-301F-11D3-BF4B-00C04F79EFBC}") = "Product Registration", "Product Registration\Product Registration.csproj", "{B3E0F857-6534-44FA-9CE4-6C861ACD0637}"
EndProject
Global
	GlobalSection(SolutionConfigurationPlatforms) = preSolution
		Debug|Any CPU = Debug|Any CPU
		Release|Any CPU = Release|Any CPU
	EndGlobalSection
	GlobalSection(ProjectConfigurationPlatforms) = postSolution
		{B3E0F857-6534-44FA-9CE4-6C861ACD0637}.Debug|Any CPU.ActiveCfg = Debug|Any CPU
		{B3E0F857-6534-44FA-9CE4-6C861ACD0637}.Debug|Any CPU.Build.0 = Debug|Any CPU
		{B3E0F857-6534-44FA-9CE4-6C861ACD0637}.Release|Any CPU.ActiveCfg = Release|Any CPU
		{B3E0F857-6534-44FA-9CE4-6C861ACD0637}.Release|Any CPU.Build.0 = Release|Any CPU
	EndGlobalSection
	GlobalSection(SolutionProperties) = preSolution
		HideSolutionNode = FALSE
	EndGlobalSection
	GlobalSection(ExtensibilityGlobals) = postSolution
		SolutionGuid = {32742FD6-6CCC-40CE-86BE-451B098B11CB}
	EndGlobalSection
EndGlobal
